
Microsoft Visual Studio Solution File, Format Version 12.00
# Visual Studio Version 16
VisualStudioVersion = 16.0.31205.134
MinimumVisualStudioVersion = 10.0.40219.1
Project("{8BC9CEB8-8B4A-11D0-8D11-00A0C91BC942}") = "ACPP_HW-5", "ACPP_HW-5\ACPP_HW-5.vcxproj", "{BC90F22B-78B8-462F-9968-5ACF54FD7578}"
EndProject
Global
	GlobalSection(SolutionConfigurationPlatforms) = preSolution
		Debug|x64 = Debug|x64
		Debug|x86 = Debug|x86
		Release|x64 = Release|x64
		Release|x86 = Release|x86
	EndGlobalSection
	GlobalSection(ProjectConfigurationPlatforms) = postSolution
		{BC90F22B-78B8-462F-9968-5ACF54FD7578}.Debug|x64.ActiveCfg = Debug|x64
		{BC90F22B-78B8-462F-9968-5ACF54FD7578}.Debug|x64.Build.0 = Debug|x64
		{BC90F22B-78B8-462F-9968-5ACF54FD7578}.Debug|x86.ActiveCfg = Debug|Win32
		{BC90F22B-78B8-462F-9968-5ACF54FD7578}.Debug|x86.Build.0 = Debug|Win32
		{BC90F22B-78B8-462F-9968-5ACF54FD7578}.Release|x64.ActiveCfg = Release|x64
		{BC90F22B-78B8-462F-9968-5ACF54FD7578}.Release|x64.Build.0 = Release|x64
		{BC90F22B-78B8-462F-9968-5ACF54FD7578}.Release|x86.ActiveCfg = Release|Win32
		{BC90F22B-78B8-462F-9968-5ACF54FD7578}.Release|x86.Build.0 = Release|Win32
	EndGlobalSection
	GlobalSection(SolutionProperties) = preSolution
		HideSolutionNode = FALSE
	EndGlobalSection
	GlobalSection(ExtensibilityGlobals) = postSolution
		SolutionGuid = {E944E83D-0B15-4D91-8E7F-6B89638405AD}
	EndGlobalSection
EndGlobal
